
Microsoft Visual Studio Solution File, Format Version 12.00
# Visual Studio Version 17
VisualStudioVersion = 17.7.34024.191
MinimumVisualStudioVersion = 10.0.40219.1
Project("{FAE04EC0-301F-11D3-BF4B-00C04F79EFBC}") = "Home_Library", "Home_Library.csproj", "{2073E0FA-0BF1-4159-A660-6F106C80B9D9}"
EndProject
Global
	GlobalSection(SolutionConfigurationPlatforms) = preSolution
		Debug|Any CPU = Debug|Any CPU
		Release|Any CPU = Release|Any CPU
	EndGlobalSection
	GlobalSection(ProjectConfigurationPlatforms) = postSolution
		{2073E0FA-0BF1-4159-A660-6F106C80B9D9}.Debug|Any CPU.ActiveCfg = Debug|Any CPU
		{2073E0FA-0BF1-4159-A660-6F106C80B9D9}.Debug|Any CPU.Build.0 = Debug|Any CPU
		{2073E0FA-0BF1-4159-A660-6F106C80B9D9}.Release|Any CPU.ActiveCfg = Release|Any CPU
		{2073E0FA-0BF1-4159-A660-6F106C80B9D9}.Release|Any CPU.Build.0 = Release|Any CPU
	EndGlobalSection
	GlobalSection(SolutionProperties) = preSolution
		HideSolutionNode = FALSE
	EndGlobalSection
	GlobalSection(ExtensibilityGlobals) = postSolution
		SolutionGuid = {36F4DC89-FBC4-471C-A7B2-F28170ECDAD4}
	EndGlobalSection
EndGlobal
